// !$*UTF8*$!
{
	archiveVersion = 1;
	classes = {
	};
	objectVersion = 46;
	objects = {

/* Begin PBXBuildFile section */
		3253616420DBAC7400D648B7 /* mcqController.swift in Sources */ = {isa = PBXBuildFile; fileRef = 3253616320DBAC7400D648B7 /* mcqController.swift */; };
		3253616820DBE6E100D648B7 /* quizAssignerViewController.swift in Sources */ = {isa = PBXBuildFile; fileRef = 3253616720DBE6E100D648B7 /* quizAssignerViewController.swift */; };
		32B9CC8B20C49A7C007AFE72 /* quizViewController.swift in Sources */ = {isa = PBXBuildFile; fileRef = 32B9CC8A20C49A7C007AFE72 /* quizViewController.swift */; };
		32B9CC8D20C49B53007AFE72 /* alignment.swift in Sources */ = {isa = PBXBuildFile; fileRef = 32B9CC8C20C49B53007AFE72 /* alignment.swift */; };
		32B9CC9020C5D4A9007AFE72 /* boardViewController.swift in Sources */ = {isa = PBXBuildFile; fileRef = 32B9CC8F20C5D4A9007AFE72 /* boardViewController.swift */; };
		32B9CC9220C5DA6D007AFE72 /* coreImageVideoFilter.swift in Sources */ = {isa = PBXBuildFile; fileRef = 32B9CC9120C5DA6D007AFE72 /* coreImageVideoFilter.swift */; };
		751E40101EC4D79200289E00 /* AppDelegate.swift in Sources */ = {isa = PBXBuildFile; fileRef = 751E400F1EC4D79200289E00 /* AppDelegate.swift */; };
		751E40121EC4D79200289E00 /* FirstViewController.swift in Sources */ = {isa = PBXBuildFile; fileRef = 751E40111EC4D79200289E00 /* FirstViewController.swift */; };
		751E40141EC4D79200289E00 /* SecondViewController.swift in Sources */ = {isa = PBXBuildFile; fileRef = 751E40131EC4D79200289E00 /* SecondViewController.swift */; };
		751E40171EC4D79200289E00 /* Main.storyboard in Resources */ = {isa = PBXBuildFile; fileRef = 751E40151EC4D79200289E00 /* Main.storyboard */; };
		751E40191EC4D79200289E00 /* Assets.xcassets in Resources */ = {isa = PBXBuildFile; fileRef = 751E40181EC4D79200289E00 /* Assets.xcassets */; };
		751E401C1EC4D79200289E00 /* LaunchScreen.storyboard in Resources */ = {isa = PBXBuildFile; fileRef = 751E401A1EC4D79200289E00 /* LaunchScreen.storyboard */; };
		751E40271EC4D79200289E00 /* SchoolTests.swift in Sources */ = {isa = PBXBuildFile; fileRef = 751E40261EC4D79200289E00 /* SchoolTests.swift */; };
		751E40321EC4D79200289E00 /* SchoolUITests.swift in Sources */ = {isa = PBXBuildFile; fileRef = 751E40311EC4D79200289E00 /* SchoolUITests.swift */; };
		751E40401EC4DC0B00289E00 /* notesViewController.swift in Sources */ = {isa = PBXBuildFile; fileRef = 751E403F1EC4DC0B00289E00 /* notesViewController.swift */; };
		751E40481EC5C8D700289E00 /* subjectCell.swift in Sources */ = {isa = PBXBuildFile; fileRef = 751E40471EC5C8D700289E00 /* subjectCell.swift */; };
		751E404A1EC5D81600289E00 /* participateViewController.swift in Sources */ = {isa = PBXBuildFile; fileRef = 751E40491EC5D81500289E00 /* participateViewController.swift */; };
		752D131F203EAE85002167BC /* NoteCell.swift in Sources */ = {isa = PBXBuildFile; fileRef = 752D131E203EAE85002167BC /* NoteCell.swift */; };
		7538B9D91EC639BE003E3F94 /* subjectCollectionViewCell.swift in Sources */ = {isa = PBXBuildFile; fileRef = 7538B9D81EC639BE003E3F94 /* subjectCollectionViewCell.swift */; };
		754326942041AAAD000A564E /* stopwatchViewController.swift in Sources */ = {isa = PBXBuildFile; fileRef = 754326932041AAAD000A564E /* stopwatchViewController.swift */; };
		754326982041B30B000A564E /* graphBox.png in Resources */ = {isa = PBXBuildFile; fileRef = 754326972041B30B000A564E /* graphBox.png */; };
		7543269A2041B65A000A564E /* datasheetViewController.swift in Sources */ = {isa = PBXBuildFile; fileRef = 754326992041B65A000A564E /* datasheetViewController.swift */; };
		754B98DE1EC7310800684341 /* whiteBoardViewController.swift in Sources */ = {isa = PBXBuildFile; fileRef = 754B98DD1EC7310800684341 /* whiteBoardViewController.swift */; };
		754B98E01EC7332100684341 /* motionViewController.swift in Sources */ = {isa = PBXBuildFile; fileRef = 754B98DF1EC7332100684341 /* motionViewController.swift */; };
		754B98E21EC752F800684341 /* calcViewController.swift in Sources */ = {isa = PBXBuildFile; fileRef = 754B98E11EC752F800684341 /* calcViewController.swift */; };
		754B98E41EC7603600684341 /* ExtraCommandButton.swift in Sources */ = {isa = PBXBuildFile; fileRef = 754B98E31EC7603600684341 /* ExtraCommandButton.swift */; };
		754B98E61EC78FDD00684341 /* toDoViewController.swift in Sources */ = {isa = PBXBuildFile; fileRef = 754B98E51EC78FDD00684341 /* toDoViewController.swift */; };
		754B98E81EC7900800684341 /* toDoCollectionViewCell.swift in Sources */ = {isa = PBXBuildFile; fileRef = 754B98E71EC7900800684341 /* toDoCollectionViewCell.swift */; };
/* End PBXBuildFile section */

/* Begin PBXContainerItemProxy section */
		751E40231EC4D79200289E00 /* PBXContainerItemProxy */ = {
			isa = PBXContainerItemProxy;
			containerPortal = 751E40041EC4D79200289E00 /* Project object */;
			proxyType = 1;
			remoteGlobalIDString = 751E400B1EC4D79200289E00;
			remoteInfo = School;
		};
		751E402E1EC4D79200289E00 /* PBXContainerItemProxy */ = {
			isa = PBXContainerItemProxy;
			containerPortal = 751E40041EC4D79200289E00 /* Project object */;
			proxyType = 1;
			remoteGlobalIDString = 751E400B1EC4D79200289E00;
			remoteInfo = School;
		};
/* End PBXContainerItemProxy section */

/* Begin PBXFileReference section */
		3253616320DBAC7400D648B7 /* mcqController.swift */ = {isa = PBXFileReference; lastKnownFileType = sourcecode.swift; path = mcqController.swift; sourceTree = "<group>"; };
		3253616720DBE6E100D648B7 /* quizAssignerViewController.swift */ = {isa = PBXFileReference; lastKnownFileType = sourcecode.swift; path = quizAssignerViewController.swift; sourceTree = "<group>"; };
		32B9CC8A20C49A7C007AFE72 /* quizViewController.swift */ = {isa = PBXFileReference; fileEncoding = 4; lastKnownFileType = sourcecode.swift; path = quizViewController.swift; sourceTree = "<group>"; };
		32B9CC8C20C49B53007AFE72 /* alignment.swift */ = {isa = PBXFileReference; lastKnownFileType = sourcecode.swift; path = alignment.swift; sourceTree = "<group>"; };
		32B9CC8F20C5D4A9007AFE72 /* boardViewController.swift */ = {isa = PBXFileReference; lastKnownFileType = sourcecode.swift; path = boardViewController.swift; sourceTree = "<group>"; };
		32B9CC9120C5DA6D007AFE72 /* coreImageVideoFilter.swift */ = {isa = PBXFileReference; lastKnownFileType = sourcecode.swift; path = coreImageVideoFilter.swift; sourceTree = "<group>"; };
		751E400C1EC4D79200289E00 /* School.app */ = {isa = PBXFileReference; explicitFileType = wrapper.application; includeInIndex = 0; path = School.app; sourceTree = BUILT_PRODUCTS_DIR; };
		751E400F1EC4D79200289E00 /* AppDelegate.swift */ = {isa = PBXFileReference; lastKnownFileType = sourcecode.swift; path = AppDelegate.swift; sourceTree = "<group>"; };
		751E40111EC4D79200289E00 /* FirstViewController.swift */ = {isa = PBXFileReference; lastKnownFileType = sourcecode.swift; path = FirstViewController.swift; sourceTree = "<group>"; };
		751E40131EC4D79200289E00 /* SecondViewController.swift */ = {isa = PBXFileReference; lastKnownFileType = sourcecode.swift; path = SecondViewController.swift; sourceTree = "<group>"; };
		751E40161EC4D79200289E00 /* Base */ = {isa = PBXFileReference; lastKnownFileType = file.storyboard; name = Base; path = Base.lproj/Main.storyboard; sourceTree = "<group>"; };
		751E40181EC4D79200289E00 /* Assets.xcassets */ = {isa = PBXFileReference; lastKnownFileType = folder.assetcatalog; path = Assets.xcassets; sourceTree = "<group>"; };
		751E401B1EC4D79200289E00 /* Base */ = {isa = PBXFileReference; lastKnownFileType = file.storyboard; name = Base; path = Base.lproj/LaunchScreen.storyboard; sourceTree = "<group>"; };
		751E401D1EC4D79200289E00 /* Info.plist */ = {isa = PBXFileReference; lastKnownFileType = text.plist.xml; path = Info.plist; sourceTree = "<group>"; };
		751E40221EC4D79200289E00 /* SchoolTests.xctest */ = {isa = PBXFileReference; explicitFileType = wrapper.cfbundle; includeInIndex = 0; path = SchoolTests.xctest; sourceTree = BUILT_PRODUCTS_DIR; };
		751E40261EC4D79200289E00 /* SchoolTests.swift */ = {isa = PBXFileReference; lastKnownFileType = sourcecode.swift; path = SchoolTests.swift; sourceTree = "<group>"; };
		751E40281EC4D79200289E00 /* Info.plist */ = {isa = PBXFileReference; lastKnownFileType = text.plist.xml; path = Info.plist; sourceTree = "<group>"; };
		751E402D1EC4D79200289E00 /* SchoolUITests.xctest */ = {isa = PBXFileReference; explicitFileType = wrapper.cfbundle; includeInIndex = 0; path = SchoolUITests.xctest; sourceTree = BUILT_PRODUCTS_DIR; };
		751E40311EC4D79200289E00 /* SchoolUITests.swift */ = {isa = PBXFileReference; lastKnownFileType = sourcecode.swift; path = SchoolUITests.swift; sourceTree = "<group>"; };
		751E40331EC4D79200289E00 /* Info.plist */ = {isa = PBXFileReference; lastKnownFileType = text.plist.xml; path = Info.plist; sourceTree = "<group>"; };
		751E403F1EC4DC0B00289E00 /* notesViewController.swift */ = {isa = PBXFileReference; fileEncoding = 4; lastKnownFileType = sourcecode.swift; path = notesViewController.swift; sourceTree = "<group>"; };
		751E40471EC5C8D700289E00 /* subjectCell.swift */ = {isa = PBXFileReference; fileEncoding = 4; lastKnownFileType = sourcecode.swift; path = subjectCell.swift; sourceTree = "<group>"; };
		751E40491EC5D81500289E00 /* participateViewController.swift */ = {isa = PBXFileReference; fileEncoding = 4; lastKnownFileType = sourcecode.swift; path = participateViewController.swift; sourceTree = "<group>"; };
		752D131E203EAE85002167BC /* NoteCell.swift */ = {isa = PBXFileReference; fileEncoding = 4; lastKnownFileType = sourcecode.swift; path = NoteCell.swift; sourceTree = "<group>"; };
		7538B9D81EC639BE003E3F94 /* subjectCollectionViewCell.swift */ = {isa = PBXFileReference; fileEncoding = 4; lastKnownFileType = sourcecode.swift; path = subjectCollectionViewCell.swift; sourceTree = "<group>"; };
		754326932041AAAD000A564E /* stopwatchViewController.swift */ = {isa = PBXFileReference; fileEncoding = 4; lastKnownFileType = sourcecode.swift; path = stopwatchViewController.swift; sourceTree = "<group>"; };
		754326972041B30B000A564E /* graphBox.png */ = {isa = PBXFileReference; lastKnownFileType = image.png; name = graphBox.png; path = ../graphBox.png; sourceTree = "<group>"; };
		754326992041B65A000A564E /* datasheetViewController.swift */ = {isa = PBXFileReference; fileEncoding = 4; lastKnownFileType = sourcecode.swift; path = datasheetViewController.swift; sourceTree = "<group>"; };
		754B98DD1EC7310800684341 /* whiteBoardViewController.swift */ = {isa = PBXFileReference; fileEncoding = 4; lastKnownFileType = sourcecode.swift; path = whiteBoardViewController.swift; sourceTree = "<group>"; };
		754B98DF1EC7332100684341 /* motionViewController.swift */ = {isa = PBXFileReference; fileEncoding = 4; lastKnownFileType = sourcecode.swift; path = motionViewController.swift; sourceTree = "<group>"; };
		754B98E11EC752F800684341 /* calcViewController.swift */ = {isa = PBXFileReference; fileEncoding = 4; lastKnownFileType = sourcecode.swift; path = calcViewController.swift; sourceTree = "<group>"; };
		754B98E31EC7603600684341 /* ExtraCommandButton.swift */ = {isa = PBXFileReference; fileEncoding = 4; lastKnownFileType = sourcecode.swift; path = ExtraCommandButton.swift; sourceTree = "<group>"; };
		754B98E51EC78FDD00684341 /* toDoViewController.swift */ = {isa = PBXFileReference; fileEncoding = 4; lastKnownFileType = sourcecode.swift; path = toDoViewController.swift; sourceTree = "<group>"; };
		754B98E71EC7900800684341 /* toDoCollectionViewCell.swift */ = {isa = PBXFileReference; fileEncoding = 4; lastKnownFileType = sourcecode.swift; path = toDoCollectionViewCell.swift; sourceTree = "<group>"; };
/* End PBXFileReference section */

/* Begin PBXFrameworksBuildPhase section */
		751E40091EC4D79200289E00 /* Frameworks */ = {
			isa = PBXFrameworksBuildPhase;
			buildActionMask = 2147483647;
			files = (
			);
			runOnlyForDeploymentPostprocessing = 0;
		};
		751E401F1EC4D79200289E00 /* Frameworks */ = {
			isa = PBXFrameworksBuildPhase;
			buildActionMask = 2147483647;
			files = (
			);
			runOnlyForDeploymentPostprocessing = 0;
		};
		751E402A1EC4D79200289E00 /* Frameworks */ = {
			isa = PBXFrameworksBuildPhase;
			buildActionMask = 2147483647;
			files = (
			);
			runOnlyForDeploymentPostprocessing = 0;
		};
/* End PBXFrameworksBuildPhase section */

/* Begin PBXGroup section */
		751E40031EC4D79200289E00 = {
			isa = PBXGroup;
			children = (
				751E400E1EC4D79200289E00 /* School */,
				751E40251EC4D79200289E00 /* SchoolTests */,
				751E40301EC4D79200289E00 /* SchoolUITests */,
				751E400D1EC4D79200289E00 /* Products */,
			);
			sourceTree = "<group>";
		};
		751E400D1EC4D79200289E00 /* Products */ = {
			isa = PBXGroup;
			children = (
				751E400C1EC4D79200289E00 /* School.app */,
				751E40221EC4D79200289E00 /* SchoolTests.xctest */,
				751E402D1EC4D79200289E00 /* SchoolUITests.xctest */,
			);
			name = Products;
			sourceTree = "<group>";
		};
		751E400E1EC4D79200289E00 /* School */ = {
			isa = PBXGroup;
			children = (
				751E400F1EC4D79200289E00 /* AppDelegate.swift */,
				751E40111EC4D79200289E00 /* FirstViewController.swift */,
				751E40131EC4D79200289E00 /* SecondViewController.swift */,
				751E403F1EC4DC0B00289E00 /* notesViewController.swift */,
				7538B9D81EC639BE003E3F94 /* subjectCollectionViewCell.swift */,
				751E40491EC5D81500289E00 /* participateViewController.swift */,
				752D131E203EAE85002167BC /* NoteCell.swift */,
				751E40471EC5C8D700289E00 /* subjectCell.swift */,
				754B98DD1EC7310800684341 /* whiteBoardViewController.swift */,
				754B98DF1EC7332100684341 /* motionViewController.swift */,
				754B98E11EC752F800684341 /* calcViewController.swift */,
				754B98E31EC7603600684341 /* ExtraCommandButton.swift */,
				754B98E51EC78FDD00684341 /* toDoViewController.swift */,
				754B98E71EC7900800684341 /* toDoCollectionViewCell.swift */,
				754326992041B65A000A564E /* datasheetViewController.swift */,
				754326932041AAAD000A564E /* stopwatchViewController.swift */,
				32B9CC8C20C49B53007AFE72 /* alignment.swift */,
				32B9CC8A20C49A7C007AFE72 /* quizViewController.swift */,
				3253616720DBE6E100D648B7 /* quizAssignerViewController.swift */,
				32B9CC8F20C5D4A9007AFE72 /* boardViewController.swift */,
				32B9CC9120C5DA6D007AFE72 /* coreImageVideoFilter.swift */,
				3253616320DBAC7400D648B7 /* mcqController.swift */,
				751E40151EC4D79200289E00 /* Main.storyboard */,
				754326972041B30B000A564E /* graphBox.png */,
				751E40181EC4D79200289E00 /* Assets.xcassets */,
				751E401A1EC4D79200289E00 /* LaunchScreen.storyboard */,
				751E401D1EC4D79200289E00 /* Info.plist */,
			);
			path = School;
			sourceTree = "<group>";
		};
		751E40251EC4D79200289E00 /* SchoolTests */ = {
			isa = PBXGroup;
			children = (
				751E40261EC4D79200289E00 /* SchoolTests.swift */,
				751E40281EC4D79200289E00 /* Info.plist */,
			);
			path = SchoolTests;
			sourceTree = "<group>";
		};
		751E40301EC4D79200289E00 /* SchoolUITests */ = {
			isa = PBXGroup;
			children = (
				751E40311EC4D79200289E00 /* SchoolUITests.swift */,
				751E40331EC4D79200289E00 /* Info.plist */,
			);
			path = SchoolUITests;
			sourceTree = "<group>";
		};
/* End PBXGroup section */

/* Begin PBXNativeTarget section */
		751E400B1EC4D79200289E00 /* School */ = {
			isa = PBXNativeTarget;
			buildConfigurationList = 751E40361EC4D79200289E00 /* Build configuration list for PBXNativeTarget "School" */;
			buildPhases = (
				751E40081EC4D79200289E00 /* Sources */,
				751E40091EC4D79200289E00 /* Frameworks */,
				751E400A1EC4D79200289E00 /* Resources */,
			);
			buildRules = (
			);
			dependencies = (
			);
			name = School;
			productName = School;
			productReference = 751E400C1EC4D79200289E00 /* School.app */;
			productType = "com.apple.product-type.application";
		};
		751E40211EC4D79200289E00 /* SchoolTests */ = {
			isa = PBXNativeTarget;
			buildConfigurationList = 751E40391EC4D79200289E00 /* Build configuration list for PBXNativeTarget "SchoolTests" */;
			buildPhases = (
				751E401E1EC4D79200289E00 /* Sources */,
				751E401F1EC4D79200289E00 /* Frameworks */,
				751E40201EC4D79200289E00 /* Resources */,
			);
			buildRules = (
			);
			dependencies = (
				751E40241EC4D79200289E00 /* PBXTargetDependency */,
			);
			name = SchoolTests;
			productName = SchoolTests;
			productReference = 751E40221EC4D79200289E00 /* SchoolTests.xctest */;
			productType = "com.apple.product-type.bundle.unit-test";
		};
		751E402C1EC4D79200289E00 /* SchoolUITests */ = {
			isa = PBXNativeTarget;
			buildConfigurationList = 751E403C1EC4D79200289E00 /* Build configuration list for PBXNativeTarget "SchoolUITests" */;
			buildPhases = (
				751E40291EC4D79200289E00 /* Sources */,
				751E402A1EC4D79200289E00 /* Frameworks */,
				751E402B1EC4D79200289E00 /* Resources */,
			);
			buildRules = (
			);
			dependencies = (
				751E402F1EC4D79200289E00 /* PBXTargetDependency */,
			);
			name = SchoolUITests;
			productName = SchoolUITests;
			productReference = 751E402D1EC4D79200289E00 /* SchoolUITests.xctest */;
			productType = "com.apple.product-type.bundle.ui-testing";
		};
/* End PBXNativeTarget section */

/* Begin PBXProject section */
		751E40041EC4D79200289E00 /* Project object */ = {
			isa = PBXProject;
			attributes = {
				LastSwiftUpdateCheck = 0820;
				LastUpgradeCheck = 0930;
				ORGANIZATIONNAME = "Tareq El Dandachi";
				TargetAttributes = {
					751E400B1EC4D79200289E00 = {
						CreatedOnToolsVersion = 8.2;
						DevelopmentTeam = EYE528U7VW;
						ProvisioningStyle = Automatic;
					};
					751E40211EC4D79200289E00 = {
						CreatedOnToolsVersion = 8.2;
						DevelopmentTeam = Q84B6R4TXL;
						ProvisioningStyle = Automatic;
						TestTargetID = 751E400B1EC4D79200289E00;
					};
					751E402C1EC4D79200289E00 = {
						CreatedOnToolsVersion = 8.2;
						DevelopmentTeam = Q84B6R4TXL;
						ProvisioningStyle = Automatic;
						TestTargetID = 751E400B1EC4D79200289E00;
					};
				};
			};
			buildConfigurationList = 751E40071EC4D79200289E00 /* Build configuration list for PBXProject "School" */;
			compatibilityVersion = "Xcode 3.2";
			developmentRegion = English;
			hasScannedForEncodings = 0;
			knownRegions = (
				en,
				Base,
			);
			mainGroup = 751E40031EC4D79200289E00;
			productRefGroup = 751E400D1EC4D79200289E00 /* Products */;
			projectDirPath = "";
			projectRoot = "";
			targets = (
				751E400B1EC4D79200289E00 /* School */,
				751E40211EC4D79200289E00 /* SchoolTests */,
				751E402C1EC4D79200289E00 /* SchoolUITests */,
			);
		};
/* End PBXProject section */

/* Begin PBXResourcesBuildPhase section */
		751E400A1EC4D79200289E00 /* Resources */ = {
			isa = PBXResourcesBuildPhase;
			buildActionMask = 2147483647;
			files = (
				751E401C1EC4D79200289E00 /* LaunchScreen.storyboard in Resources */,
				751E40191EC4D79200289E00 /* Assets.xcassets in Resources */,
				754326982041B30B000A564E /* graphBox.png in Resources */,
				751E40171EC4D79200289E00 /* Main.storyboard in Resources */,
			);
			runOnlyForDeploymentPostprocessing = 0;
		};
		751E40201EC4D79200289E00 /* Resources */ = {
			isa = PBXResourcesBuildPhase;
			buildActionMask = 2147483647;
			files = (
			);
			runOnlyForDeploymentPostprocessing = 0;
		};
		751E402B1EC4D79200289E00 /* Resources */ = {
			isa = PBXResourcesBuildPhase;
			buildActionMask = 2147483647;
			files = (
			);
			runOnlyForDeploymentPostprocessing = 0;
		};
/* End PBXResourcesBuildPhase section */

/* Begin PBXSourcesBuildPhase section */
		751E40081EC4D79200289E00 /* Sources */ = {
			isa = PBXSourcesBuildPhase;
			buildActionMask = 2147483647;
			files = (
				32B9CC9020C5D4A9007AFE72 /* boardViewController.swift in Sources */,
				754B98E01EC7332100684341 /* motionViewController.swift in Sources */,
				32B9CC9220C5DA6D007AFE72 /* coreImageVideoFilter.swift in Sources */,
				754B98E41EC7603600684341 /* ExtraCommandButton.swift in Sources */,
				3253616820DBE6E100D648B7 /* quizAssignerViewController.swift in Sources */,
				754B98E81EC7900800684341 /* toDoCollectionViewCell.swift in Sources */,
				751E40401EC4DC0B00289E00 /* notesViewController.swift in Sources */,
				7538B9D91EC639BE003E3F94 /* subjectCollectionViewCell.swift in Sources */,
				751E40141EC4D79200289E00 /* SecondViewController.swift in Sources */,
				754B98E21EC752F800684341 /* calcViewController.swift in Sources */,
				751E404A1EC5D81600289E00 /* participateViewController.swift in Sources */,
				754326942041AAAD000A564E /* stopwatchViewController.swift in Sources */,
				751E40481EC5C8D700289E00 /* subjectCell.swift in Sources */,
				7543269A2041B65A000A564E /* datasheetViewController.swift in Sources */,
				3253616420DBAC7400D648B7 /* mcqController.swift in Sources */,
				751E40101EC4D79200289E00 /* AppDelegate.swift in Sources */,
				754B98DE1EC7310800684341 /* whiteBoardViewController.swift in Sources */,
				32B9CC8D20C49B53007AFE72 /* alignment.swift in Sources */,
				32B9CC8B20C49A7C007AFE72 /* quizViewController.swift in Sources */,
				752D131F203EAE85002167BC /* NoteCell.swift in Sources */,
				751E40121EC4D79200289E00 /* FirstViewController.swift in Sources */,
				754B98E61EC78FDD00684341 /* toDoViewController.swift in Sources */,
			);
			runOnlyForDeploymentPostprocessing = 0;
		};
		751E401E1EC4D79200289E00 /* Sources */ = {
			isa = PBXSourcesBuildPhase;
			buildActionMask = 2147483647;
			files = (
				751E40271EC4D79200289E00 /* SchoolTests.swift in Sources */,
			);
			runOnlyForDeploymentPostprocessing = 0;
		};
		751E40291EC4D79200289E00 /* Sources */ = {
			isa = PBXSourcesBuildPhase;
			buildActionMask = 2147483647;
			files = (
				751E40321EC4D79200289E00 /* SchoolUITests.swift in Sources */,
			);
			runOnlyForDeploymentPostprocessing = 0;
		};
/* End PBXSourcesBuildPhase section */

/* Begin PBXTargetDependency section */
		751E40241EC4D79200289E00 /* PBXTargetDependency */ = {
			isa = PBXTargetDependency;
			target = 751E400B1EC4D79200289E00 /* School */;
			targetProxy = 751E40231EC4D79200289E00 /* PBXContainerItemProxy */;
		};
		751E402F1EC4D79200289E00 /* PBXTargetDependency */ = {
			isa = PBXTargetDependency;
			target = 751E400B1EC4D79200289E00 /* School */;
			targetProxy = 751E402E1EC4D79200289E00 /* PBXContainerItemProxy */;
		};
/* End PBXTargetDependency section */

/* Begin PBXVariantGroup section */
		751E40151EC4D79200289E00 /* Main.storyboard */ = {
			isa = PBXVariantGroup;
			children = (
				751E40161EC4D79200289E00 /* Base */,
			);
			name = Main.storyboard;
			sourceTree = "<group>";
		};
		751E401A1EC4D79200289E00 /* LaunchScreen.storyboard */ = {
			isa = PBXVariantGroup;
			children = (
				751E401B1EC4D79200289E00 /* Base */,
			);
			name = LaunchScreen.storyboard;
			sourceTree = "<group>";
		};
/* End PBXVariantGroup section */

/* Begin XCBuildConfiguration section */
		751E40341EC4D79200289E00 /* Debug */ = {
			isa = XCBuildConfiguration;
			buildSettings = {
				ALWAYS_SEARCH_USER_PATHS = NO;
				CLANG_ANALYZER_NONNULL = YES;
				CLANG_CXX_LANGUAGE_STANDARD = "gnu++0x";
				CLANG_CXX_LIBRARY = "libc++";
				CLANG_ENABLE_MODULES = YES;
				CLANG_ENABLE_OBJC_ARC = YES;
				CLANG_WARN_BLOCK_CAPTURE_AUTORELEASING = YES;
				CLANG_WARN_BOOL_CONVERSION = YES;
				CLANG_WARN_COMMA = YES;
				CLANG_WARN_CONSTANT_CONVERSION = YES;
				CLANG_WARN_DEPRECATED_OBJC_IMPLEMENTATIONS = YES;
				CLANG_WARN_DIRECT_OBJC_ISA_USAGE = YES_ERROR;
				CLANG_WARN_DOCUMENTATION_COMMENTS = YES;
				CLANG_WARN_EMPTY_BODY = YES;
				CLANG_WARN_ENUM_CONVERSION = YES;
				CLANG_WARN_INFINITE_RECURSION = YES;
				CLANG_WARN_INT_CONVERSION = YES;
				CLANG_WARN_NON_LITERAL_NULL_CONVERSION = YES;
				CLANG_WARN_OBJC_IMPLICIT_RETAIN_SELF = YES;
				CLANG_WARN_OBJC_LITERAL_CONVERSION = YES;
				CLANG_WARN_OBJC_ROOT_CLASS = YES_ERROR;
				CLANG_WARN_RANGE_LOOP_ANALYSIS = YES;
				CLANG_WARN_STRICT_PROTOTYPES = YES;
				CLANG_WARN_SUSPICIOUS_MOVE = YES;
				CLANG_WARN_UNREACHABLE_CODE = YES;
				CLANG_WARN__DUPLICATE_METHOD_MATCH = YES;
				"CODE_SIGN_IDENTITY[sdk=iphoneos*]" = "iPhone Developer";
				COPY_PHASE_STRIP = NO;
				DEBUG_INFORMATION_FORMAT = dwarf;
				ENABLE_STRICT_OBJC_MSGSEND = YES;
				ENABLE_TESTABILITY = YES;
				GCC_C_LANGUAGE_STANDARD = gnu99;
				GCC_DYNAMIC_NO_PIC = NO;
				GCC_NO_COMMON_BLOCKS = YES;
				GCC_OPTIMIZATION_LEVEL = 0;
				GCC_PREPROCESSOR_DEFINITIONS = (
					"DEBUG=1",
					"$(inherited)",
				);
				GCC_WARN_64_TO_32_BIT_CONVERSION = YES;
				GCC_WARN_ABOUT_RETURN_TYPE = YES_ERROR;
				GCC_WARN_UNDECLARED_SELECTOR = YES;
				GCC_WARN_UNINITIALIZED_AUTOS = YES_AGGRESSIVE;
				GCC_WARN_UNUSED_FUNCTION = YES;
				GCC_WARN_UNUSED_VARIABLE = YES;
				IPHONEOS_DEPLOYMENT_TARGET = 10.2;
				MTL_ENABLE_DEBUG_INFO = YES;
				ONLY_ACTIVE_ARCH = YES;
				SDKROOT = iphoneos;
				SWIFT_ACTIVE_COMPILATION_CONDITIONS = DEBUG;
				SWIFT_OPTIMIZATION_LEVEL = "-Onone";
				TARGETED_DEVICE_FAMILY = 2;
			};
			name = Debug;
		};
		751E40351EC4D79200289E00 /* Release */ = {
			isa = XCBuildConfiguration;
			buildSettings = {
				ALWAYS_SEARCH_USER_PATHS = NO;
				CLANG_ANALYZER_NONNULL = YES;
				CLANG_CXX_LANGUAGE_STANDARD = "gnu++0x";
				CLANG_CXX_LIBRARY = "libc++";
				CLANG_ENABLE_MODULES = YES;
				CLANG_ENABLE_OBJC_ARC = YES;
				CLANG_WARN_BLOCK_CAPTURE_AUTORELEASING = YES;
				CLANG_WARN_BOOL_CONVERSION = YES;
				CLANG_WARN_COMMA = YES;
				CLANG_WARN_CONSTANT_CONVERSION = YES;
				CLANG_WARN_DEPRECATED_OBJC_IMPLEMENTATIONS = YES;
				CLANG_WARN_DIRECT_OBJC_ISA_USAGE = YES_ERROR;
				CLANG_WARN_DOCUMENTATION_COMMENTS = YES;
				CLANG_WARN_EMPTY_BODY = YES;
				CLANG_WARN_ENUM_CONVERSION = YES;
				CLANG_WARN_INFINITE_RECURSION = YES;
				CLANG_WARN_INT_CONVERSION = YES;
				CLANG_WARN_NON_LITERAL_NULL_CONVERSION = YES;
				CLANG_WARN_OBJC_IMPLICIT_RETAIN_SELF = YES;
				CLANG_WARN_OBJC_LITERAL_CONVERSION = YES;
				CLANG_WARN_OBJC_ROOT_CLASS = YES_ERROR;
				CLANG_WARN_RANGE_LOOP_ANALYSIS = YES;
				CLANG_WARN_STRICT_PROTOTYPES = YES;
				CLANG_WARN_SUSPICIOUS_MOVE = YES;
				CLANG_WARN_UNREACHABLE_CODE = YES;
				CLANG_WARN__DUPLICATE_METHOD_MATCH = YES;
				"CODE_SIGN_IDENTITY[sdk=iphoneos*]" = "iPhone Developer";
				COPY_PHASE_STRIP = NO;
				DEBUG_INFORMATION_FORMAT = "dwarf-with-dsym";
				ENABLE_NS_ASSERTIONS = NO;
				ENABLE_STRICT_OBJC_MSGSEND = YES;
				GCC_C_LANGUAGE_STANDARD = gnu99;
				GCC_NO_COMMON_BLOCKS = YES;
				GCC_WARN_64_TO_32_BIT_CONVERSION = YES;
				GCC_WARN_ABOUT_RETURN_TYPE = YES_ERROR;
				GCC_WARN_UNDECLARED_SELECTOR = YES;
				GCC_WARN_UNINITIALIZED_AUTOS = YES_AGGRESSIVE;
				GCC_WARN_UNUSED_FUNCTION = YES;
				GCC_WARN_UNUSED_VARIABLE = YES;
				IPHONEOS_DEPLOYMENT_TARGET = 10.2;
				MTL_ENABLE_DEBUG_INFO = NO;
				SDKROOT = iphoneos;
				SWIFT_OPTIMIZATION_LEVEL = "-Owholemodule";
				TARGETED_DEVICE_FAMILY = 2;
				VALIDATE_PRODUCT = YES;
			};
			name = Release;
		};
		751E40371EC4D79200289E00 /* Debug */ = {
			isa = XCBuildConfiguration;
			buildSettings = {
				ASSETCATALOG_COMPILER_APPICON_NAME = AppIcon;
				DEVELOPMENT_TEAM = EYE528U7VW;
				INFOPLIST_FILE = School/Info.plist;
				IPHONEOS_DEPLOYMENT_TARGET = 9.0;
				LD_RUNPATH_SEARCH_PATHS = "$(inherited) @executable_path/Frameworks";
				OTHER_SWIFT_FLAGS = "-Xfrontend -debug-time-function-bodies";
				PRODUCT_BUNDLE_IDENTIFIER = com.atto.Flip;
				PRODUCT_NAME = "$(TARGET_NAME)";
				SWIFT_VERSION = 4.0;
				TARGETED_DEVICE_FAMILY = 2;
			};
			name = Debug;
		};
		751E40381EC4D79200289E00 /* Release */ = {
			isa = XCBuildConfiguration;
			buildSettings = {
				ASSETCATALOG_COMPILER_APPICON_NAME = AppIcon;
				DEVELOPMENT_TEAM = EYE528U7VW;
				INFOPLIST_FILE = School/Info.plist;
				IPHONEOS_DEPLOYMENT_TARGET = 9.0;
				LD_RUNPATH_SEARCH_PATHS = "$(inherited) @executable_path/Frameworks";
				OTHER_SWIFT_FLAGS = "-Xfrontend -debug-time-function-bodies";
				PRODUCT_BUNDLE_IDENTIFIER = com.atto.Flip;
				PRODUCT_NAME = "$(TARGET_NAME)";
				SWIFT_VERSION = 4.0;
				TARGETED_DEVICE_FAMILY = 2;
			};
			name = Release;
		};
		751E403A1EC4D79200289E00 /* Debug */ = {
			isa = XCBuildConfiguration;
			buildSettings = {
				ALWAYS_EMBED_SWIFT_STANDARD_LIBRARIES = YES;
				BUNDLE_LOADER = "$(TEST_HOST)";
				DEVELOPMENT_TEAM = Q84B6R4TXL;
				INFOPLIST_FILE = SchoolTests/Info.plist;
				LD_RUNPATH_SEARCH_PATHS = "$(inherited) @executable_path/Frameworks @loader_path/Frameworks";
				PRODUCT_BUNDLE_IDENTIFIER = com.atto.SchoolTests;
				PRODUCT_NAME = "$(TARGET_NAME)";
				SWIFT_VERSION = 3.0;
				TEST_HOST = "$(BUILT_PRODUCTS_DIR)/School.app/School";
			};
			name = Debug;
		};
		751E403B1EC4D79200289E00 /* Release */ = {
			isa = XCBuildConfiguration;
			buildSettings = {
				ALWAYS_EMBED_SWIFT_STANDARD_LIBRARIES = YES;
				BUNDLE_LOADER = "$(TEST_HOST)";
				DEVELOPMENT_TEAM = Q84B6R4TXL;
				INFOPLIST_FILE = SchoolTests/Info.plist;
				LD_RUNPATH_SEARCH_PATHS = "$(inherited) @executable_path/Frameworks @loader_path/Frameworks";
				PRODUCT_BUNDLE_IDENTIFIER = com.atto.SchoolTests;
				PRODUCT_NAME = "$(TARGET_NAME)";
				SWIFT_VERSION = 3.0;
				TEST_HOST = "$(BUILT_PRODUCTS_DIR)/School.app/School";
			};
			name = Release;
		};
		751E403D1EC4D79200289E00 /* Debug */ = {
			isa = XCBuildConfiguration;
			buildSettings = {
				ALWAYS_EMBED_SWIFT_STANDARD_LIBRARIES = YES;
				DEVELOPMENT_TEAM = Q84B6R4TXL;
				INFOPLIST_FILE = SchoolUITests/Info.plist;
				LD_RUNPATH_SEARCH_PATHS = "$(inherited) @executable_path/Frameworks @loader_path/Frameworks";
				PRODUCT_BUNDLE_IDENTIFIER = com.atto.SchoolUITests;
				PRODUCT_NAME = "$(TARGET_NAME)";
				SWIFT_VERSION = 3.0;
				TEST_TARGET_NAME = School;
			};
			name = Debug;
		};
		751E403E1EC4D79200289E00 /* Release */ = {
			isa = XCBuildConfiguration;
			buildSettings = {
				ALWAYS_EMBED_SWIFT_STANDARD_LIBRARIES = YES;
				DEVELOPMENT_TEAM = Q84B6R4TXL;
				INFOPLIST_FILE = SchoolUITests/Info.plist;
				LD_RUNPATH_SEARCH_PATHS = "$(inherited) @executable_path/Frameworks @loader_path/Frameworks";
				PRODUCT_BUNDLE_IDENTIFIER = com.atto.SchoolUITests;
				PRODUCT_NAME = "$(TARGET_NAME)";
				SWIFT_VERSION = 3.0;
				TEST_TARGET_NAME = School;
			};
			name = Release;
		};
/* End XCBuildConfiguration section */

/* Begin XCConfigurationList section */
		751E40071EC4D79200289E00 /* Build configuration list for PBXProject "School" */ = {
			isa = XCConfigurationList;
			buildConfigurations = (
				751E40341EC4D79200289E00 /* Debug */,
				751E40351EC4D79200289E00 /* Release */,
			);
			defaultConfigurationIsVisible = 0;
			defaultConfigurationName = Release;
		};
		751E40361EC4D79200289E00 /* Build configuration list for PBXNativeTarget "School" */ = {
			isa = XCConfigurationList;
			buildConfigurations = (
				751E40371EC4D79200289E00 /* Debug */,
				751E40381EC4D79200289E00 /* Release */,
			);
			defaultConfigurationIsVisible = 0;
			defaultConfigurationName = Release;
		};
		751E40391EC4D79200289E00 /* Build configuration list for PBXNativeTarget "SchoolTests" */ = {
			isa = XCConfigurationList;
			buildConfigurations = (
				751E403A1EC4D79200289E00 /* Debug */,
				751E403B1EC4D79200289E00 /* Release */,
			);
			defaultConfigurationIsVisible = 0;
			defaultConfigurationName = Release;
		};
		751E403C1EC4D79200289E00 /* Build configuration list for PBXNativeTarget "SchoolUITests" */ = {
			isa = XCConfigurationList;
			buildConfigurations = (
				751E403D1EC4D79200289E00 /* Debug */,
				751E403E1EC4D79200289E00 /* Release */,
			);
			defaultConfigurationIsVisible = 0;
			defaultConfigurationName = Release;
		};
/* End XCConfigurationList section */
	};
	rootObject = 751E40041EC4D79200289E00 /* Project object */;
}
